
Microsoft Visual Studio Solution File, Format Version 12.00
# Visual Studio Version 17
VisualStudioVersion = 17.14.36212.18 d17.14
MinimumVisualStudioVersion = 10.0.40219.1
Project("{FAE04EC0-301F-11D3-BF4B-00C04F79EFBC}") = "CitiesManager.API", "CitiesManager.API\CitiesManager.API.csproj", "{B701BD33-12ED-4D6F-BFCB-00A41175A2B5}"
EndProject
Global
	GlobalSection(SolutionConfigurationPlatforms) = preSolution
		Debug|Any CPU = Debug|Any CPU
		Release|Any CPU = Release|Any CPU
	EndGlobalSection
	GlobalSection(ProjectConfigurationPlatforms) = postSolution
		{B701BD33-12ED-4D6F-BFCB-00A41175A2B5}.Debug|Any CPU.ActiveCfg = Debug|Any CPU
		{B701BD33-12ED-4D6F-BFCB-00A41175A2B5}.Debug|Any CPU.Build.0 = Debug|Any CPU
		{B701BD33-12ED-4D6F-BFCB-00A41175A2B5}.Release|Any CPU.ActiveCfg = Release|Any CPU
		{B701BD33-12ED-4D6F-BFCB-00A41175A2B5}.Release|Any CPU.Build.0 = Release|Any CPU
	EndGlobalSection
	GlobalSection(SolutionProperties) = preSolution
		HideSolutionNode = FALSE
	EndGlobalSection
	GlobalSection(ExtensibilityGlobals) = postSolution
		SolutionGuid = {10CD932A-2C3F-434A-8F05-3F32E24CB93F}
	EndGlobalSection
EndGlobal
