
Microsoft Visual Studio Solution File, Format Version 12.00
# Visual Studio Version 17
VisualStudioVersion = 17.14.36109.1
MinimumVisualStudioVersion = 10.0.40219.1
Project("{FAE04EC0-301F-11D3-BF4B-00C04F79EFBC}") = "RoutingExample1", "RoutingExample1\RoutingExample1.csproj", "{551A0B74-0C15-4F06-B6DE-5478672D35E3}"
EndProject
Project("{FAE04EC0-301F-11D3-BF4B-00C04F79EFBC}") = "RoutingExample2", "RoutingExample02\RoutingExample2.csproj", "{E41E9D80-DFBE-46DB-A962-2989B1008F5A}"
EndProject
Project("{FAE04EC0-301F-11D3-BF4B-00C04F79EFBC}") = "RoutingExample3", "RoutingExample3\RoutingExample3.csproj", "{18BF8542-B6A5-44BA-9B25-D9513543E371}"
EndProject
Project("{FAE04EC0-301F-11D3-BF4B-00C04F79EFBC}") = "RoutingExample4", "RoutingExample4\RoutingExample4.csproj", "{B18FAE00-CA7E-49C4-8D6B-A607E66C91AC}"
EndProject
Global
	GlobalSection(SolutionConfigurationPlatforms) = preSolution
		Debug|Any CPU = Debug|Any CPU
		Release|Any CPU = Release|Any CPU
	EndGlobalSection
	GlobalSection(ProjectConfigurationPlatforms) = postSolution
		{551A0B74-0C15-4F06-B6DE-5478672D35E3}.Debug|Any CPU.ActiveCfg = Debug|Any CPU
		{551A0B74-0C15-4F06-B6DE-5478672D35E3}.Debug|Any CPU.Build.0 = Debug|Any CPU
		{551A0B74-0C15-4F06-B6DE-5478672D35E3}.Release|Any CPU.ActiveCfg = Release|Any CPU
		{551A0B74-0C15-4F06-B6DE-5478672D35E3}.Release|Any CPU.Build.0 = Release|Any CPU
		{E41E9D80-DFBE-46DB-A962-2989B1008F5A}.Debug|Any CPU.ActiveCfg = Debug|Any CPU
		{E41E9D80-DFBE-46DB-A962-2989B1008F5A}.Debug|Any CPU.Build.0 = Debug|Any CPU
		{E41E9D80-DFBE-46DB-A962-2989B1008F5A}.Release|Any CPU.ActiveCfg = Release|Any CPU
		{E41E9D80-DFBE-46DB-A962-2989B1008F5A}.Release|Any CPU.Build.0 = Release|Any CPU
		{18BF8542-B6A5-44BA-9B25-D9513543E371}.Debug|Any CPU.ActiveCfg = Debug|Any CPU
		{18BF8542-B6A5-44BA-9B25-D9513543E371}.Debug|Any CPU.Build.0 = Debug|Any CPU
		{18BF8542-B6A5-44BA-9B25-D9513543E371}.Release|Any CPU.ActiveCfg = Release|Any CPU
		{18BF8542-B6A5-44BA-9B25-D9513543E371}.Release|Any CPU.Build.0 = Release|Any CPU
		{B18FAE00-CA7E-49C4-8D6B-A607E66C91AC}.Debug|Any CPU.ActiveCfg = Debug|Any CPU
		{B18FAE00-CA7E-49C4-8D6B-A607E66C91AC}.Debug|Any CPU.Build.0 = Debug|Any CPU
		{B18FAE00-CA7E-49C4-8D6B-A607E66C91AC}.Release|Any CPU.ActiveCfg = Release|Any CPU
		{B18FAE00-CA7E-49C4-8D6B-A607E66C91AC}.Release|Any CPU.Build.0 = Release|Any CPU
	EndGlobalSection
	GlobalSection(SolutionProperties) = preSolution
		HideSolutionNode = FALSE
	EndGlobalSection
	GlobalSection(ExtensibilityGlobals) = postSolution
		SolutionGuid = {A6DE11A3-F339-453D-B6D9-FE776222E286}
	EndGlobalSection
EndGlobal
