
Microsoft Visual Studio Solution File, Format Version 12.00
# Visual Studio Version 17
VisualStudioVersion = 17.14.36212.18 d17.14
MinimumVisualStudioVersion = 10.0.40219.1
Project("{FAE04EC0-301F-11D3-BF4B-00C04F79EFBC}") = "ViewsExample", "ViewsExample\ViewsExample.csproj", "{68D682EC-C2A9-4179-969A-7B6EA356A402}"
EndProject
Global
	GlobalSection(SolutionConfigurationPlatforms) = preSolution
		Debug|Any CPU = Debug|Any CPU
		Release|Any CPU = Release|Any CPU
	EndGlobalSection
	GlobalSection(ProjectConfigurationPlatforms) = postSolution
		{68D682EC-C2A9-4179-969A-7B6EA356A402}.Debug|Any CPU.ActiveCfg = Debug|Any CPU
		{68D682EC-C2A9-4179-969A-7B6EA356A402}.Debug|Any CPU.Build.0 = Debug|Any CPU
		{68D682EC-C2A9-4179-969A-7B6EA356A402}.Release|Any CPU.ActiveCfg = Release|Any CPU
		{68D682EC-C2A9-4179-969A-7B6EA356A402}.Release|Any CPU.Build.0 = Release|Any CPU
	EndGlobalSection
	GlobalSection(SolutionProperties) = preSolution
		HideSolutionNode = FALSE
	EndGlobalSection
	GlobalSection(ExtensibilityGlobals) = postSolution
		SolutionGuid = {B0FE4653-8D15-4107-891A-0CCE2151296A}
	EndGlobalSection
EndGlobal
